
Microsoft Visual Studio Solution File, Format Version 12.00
# Visual Studio Version 16
VisualStudioVersion = 16.0.31729.503
MinimumVisualStudioVersion = 10.0.40219.1
Project("{FAE04EC0-301F-11D3-BF4B-00C04F79EFBC}") = "Atividade2", "Atividade2\Atividade2.csproj", "{B7DDA0E3-A057-4BC6-BCD4-32E75AC27F4A}"
EndProject
Global
	GlobalSection(SolutionConfigurationPlatforms) = preSolution
		Debug|Any CPU = Debug|Any CPU
		Release|Any CPU = Release|Any CPU
	EndGlobalSection
	GlobalSection(ProjectConfigurationPlatforms) = postSolution
		{B7DDA0E3-A057-4BC6-BCD4-32E75AC27F4A}.Debug|Any CPU.ActiveCfg = Debug|Any CPU
		{B7DDA0E3-A057-4BC6-BCD4-32E75AC27F4A}.Debug|Any CPU.Build.0 = Debug|Any CPU
		{B7DDA0E3-A057-4BC6-BCD4-32E75AC27F4A}.Release|Any CPU.ActiveCfg = Release|Any CPU
		{B7DDA0E3-A057-4BC6-BCD4-32E75AC27F4A}.Release|Any CPU.Build.0 = Release|Any CPU
	EndGlobalSection
	GlobalSection(SolutionProperties) = preSolution
		HideSolutionNode = FALSE
	EndGlobalSection
	GlobalSection(ExtensibilityGlobals) = postSolution
		SolutionGuid = {A5155212-4C43-4737-A20B-B0260FEFB0F5}
	EndGlobalSection
EndGlobal
